
Microsoft Visual Studio Solution File, Format Version 12.00
# Visual Studio Version 17
VisualStudioVersion = 17.1.32210.238
MinimumVisualStudioVersion = 10.0.40219.1
Project("{9A19103F-16F7-4668-BE54-9A1E7A4F7556}") = "HomeWorkThird.Task1", "HomeWorkThird\HomeWorkThird.Task1.csproj", "{3AEE71A1-262B-4464-A9E9-21B2A0FE2F79}"
EndProject
Project("{9A19103F-16F7-4668-BE54-9A1E7A4F7556}") = "HomeWorkThird.Task2", "HomeWorkThird.Task2\HomeWorkThird.Task2.csproj", "{CFCB807B-CB2E-4993-BE22-DAB5421C3BEF}"
EndProject
Project("{9A19103F-16F7-4668-BE54-9A1E7A4F7556}") = "HomeWorkThird.Task3", "HomeWorkThird.Task3\HomeWorkThird.Task3.csproj", "{E573A48F-1C0E-4EFC-BC2C-5D5E713EB261}"
EndProject
Project("{9A19103F-16F7-4668-BE54-9A1E7A4F7556}") = "HomeWorkThird.Task4", "HomeWorkThird.Task4\HomeWorkThird.Task4.csproj", "{427AD76E-6A1F-4E24-9D8B-3B3BBA748F56}"
EndProject
Project("{9A19103F-16F7-4668-BE54-9A1E7A4F7556}") = "HomeWorkThird.Task5", "HomeWorkThird.Task5\HomeWorkThird.Task5.csproj", "{BE642420-BBFA-4D4E-8E53-4C820605FAE0}"
EndProject
Project("{9A19103F-16F7-4668-BE54-9A1E7A4F7556}") = "HomeWorkThird.Task6", "HomeWorkThird.Task6\HomeWorkThird.Task6.csproj", "{AA04F1D1-F3DF-42BF-8844-931F84DA1C21}"
EndProject
Project("{FAE04EC0-301F-11D3-BF4B-00C04F79EFBC}") = "HomeWorkThird.Task7", "HomeWorkThird.Task7\HomeWorkThird.Task7.csproj", "{05A28EEC-C523-4CA1-B3B8-CDC7B7D0B7FD}"
EndProject
Project("{FAE04EC0-301F-11D3-BF4B-00C04F79EFBC}") = "HomeWorkThird.Task8", "HomeWorkThird.Task8\HomeWorkThird.Task8.csproj", "{2D447A15-79B6-4184-89B5-DFDFB6249C5D}"
EndProject
Global
	GlobalSection(SolutionConfigurationPlatforms) = preSolution
		Debug|Any CPU = Debug|Any CPU
		Release|Any CPU = Release|Any CPU
	EndGlobalSection
	GlobalSection(ProjectConfigurationPlatforms) = postSolution
		{3AEE71A1-262B-4464-A9E9-21B2A0FE2F79}.Debug|Any CPU.ActiveCfg = Debug|Any CPU
		{3AEE71A1-262B-4464-A9E9-21B2A0FE2F79}.Debug|Any CPU.Build.0 = Debug|Any CPU
		{3AEE71A1-262B-4464-A9E9-21B2A0FE2F79}.Release|Any CPU.ActiveCfg = Release|Any CPU
		{3AEE71A1-262B-4464-A9E9-21B2A0FE2F79}.Release|Any CPU.Build.0 = Release|Any CPU
		{CFCB807B-CB2E-4993-BE22-DAB5421C3BEF}.Debug|Any CPU.ActiveCfg = Debug|Any CPU
		{CFCB807B-CB2E-4993-BE22-DAB5421C3BEF}.Debug|Any CPU.Build.0 = Debug|Any CPU
		{CFCB807B-CB2E-4993-BE22-DAB5421C3BEF}.Release|Any CPU.ActiveCfg = Release|Any CPU
		{CFCB807B-CB2E-4993-BE22-DAB5421C3BEF}.Release|Any CPU.Build.0 = Release|Any CPU
		{E573A48F-1C0E-4EFC-BC2C-5D5E713EB261}.Debug|Any CPU.ActiveCfg = Debug|Any CPU
		{E573A48F-1C0E-4EFC-BC2C-5D5E713EB261}.Debug|Any CPU.Build.0 = Debug|Any CPU
		{E573A48F-1C0E-4EFC-BC2C-5D5E713EB261}.Release|Any CPU.ActiveCfg = Release|Any CPU
		{E573A48F-1C0E-4EFC-BC2C-5D5E713EB261}.Release|Any CPU.Build.0 = Release|Any CPU
		{427AD76E-6A1F-4E24-9D8B-3B3BBA748F56}.Debug|Any CPU.ActiveCfg = Debug|Any CPU
		{427AD76E-6A1F-4E24-9D8B-3B3BBA748F56}.Debug|Any CPU.Build.0 = Debug|Any CPU
		{427AD76E-6A1F-4E24-9D8B-3B3BBA748F56}.Release|Any CPU.ActiveCfg = Release|Any CPU
		{427AD76E-6A1F-4E24-9D8B-3B3BBA748F56}.Release|Any CPU.Build.0 = Release|Any CPU
		{BE642420-BBFA-4D4E-8E53-4C820605FAE0}.Debug|Any CPU.ActiveCfg = Debug|Any CPU
		{BE642420-BBFA-4D4E-8E53-4C820605FAE0}.Debug|Any CPU.Build.0 = Debug|Any CPU
		{BE642420-BBFA-4D4E-8E53-4C820605FAE0}.Release|Any CPU.ActiveCfg = Release|Any CPU
		{BE642420-BBFA-4D4E-8E53-4C820605FAE0}.Release|Any CPU.Build.0 = Release|Any CPU
		{AA04F1D1-F3DF-42BF-8844-931F84DA1C21}.Debug|Any CPU.ActiveCfg = Debug|Any CPU
		{AA04F1D1-F3DF-42BF-8844-931F84DA1C21}.Debug|Any CPU.Build.0 = Debug|Any CPU
		{AA04F1D1-F3DF-42BF-8844-931F84DA1C21}.Release|Any CPU.ActiveCfg = Release|Any CPU
		{AA04F1D1-F3DF-42BF-8844-931F84DA1C21}.Release|Any CPU.Build.0 = Release|Any CPU
		{05A28EEC-C523-4CA1-B3B8-CDC7B7D0B7FD}.Debug|Any CPU.ActiveCfg = Debug|Any CPU
		{05A28EEC-C523-4CA1-B3B8-CDC7B7D0B7FD}.Debug|Any CPU.Build.0 = Debug|Any CPU
		{05A28EEC-C523-4CA1-B3B8-CDC7B7D0B7FD}.Release|Any CPU.ActiveCfg = Release|Any CPU
		{05A28EEC-C523-4CA1-B3B8-CDC7B7D0B7FD}.Release|Any CPU.Build.0 = Release|Any CPU
		{2D447A15-79B6-4184-89B5-DFDFB6249C5D}.Debug|Any CPU.ActiveCfg = Debug|Any CPU
		{2D447A15-79B6-4184-89B5-DFDFB6249C5D}.Debug|Any CPU.Build.0 = Debug|Any CPU
		{2D447A15-79B6-4184-89B5-DFDFB6249C5D}.Release|Any CPU.ActiveCfg = Release|Any CPU
		{2D447A15-79B6-4184-89B5-DFDFB6249C5D}.Release|Any CPU.Build.0 = Release|Any CPU
	EndGlobalSection
	GlobalSection(SolutionProperties) = preSolution
		HideSolutionNode = FALSE
	EndGlobalSection
	GlobalSection(ExtensibilityGlobals) = postSolution
		SolutionGuid = {1422A8D3-C70B-4E1B-ABAA-8F3E67304C97}
	EndGlobalSection
EndGlobal
